
Microsoft Visual Studio Solution File, Format Version 12.00
# Visual Studio Version 16
VisualStudioVersion = 16.0.29418.71
MinimumVisualStudioVersion = 10.0.40219.1
Project("{FAE04EC0-301F-11D3-BF4B-00C04F79EFBC}") = "UserMaintenance", "UserMaintenance\UserMaintenance.csproj", "{0405268B-7621-4DC6-844D-ECB39204F651}"
EndProject
Global
	GlobalSection(SolutionConfigurationPlatforms) = preSolution
		Debug|Any CPU = Debug|Any CPU
		Release|Any CPU = Release|Any CPU
	EndGlobalSection
	GlobalSection(ProjectConfigurationPlatforms) = postSolution
		{0405268B-7621-4DC6-844D-ECB39204F651}.Debug|Any CPU.ActiveCfg = Debug|Any CPU
		{0405268B-7621-4DC6-844D-ECB39204F651}.Debug|Any CPU.Build.0 = Debug|Any CPU
		{0405268B-7621-4DC6-844D-ECB39204F651}.Release|Any CPU.ActiveCfg = Release|Any CPU
		{0405268B-7621-4DC6-844D-ECB39204F651}.Release|Any CPU.Build.0 = Release|Any CPU
	EndGlobalSection
	GlobalSection(SolutionProperties) = preSolution
		HideSolutionNode = FALSE
	EndGlobalSection
	GlobalSection(ExtensibilityGlobals) = postSolution
		SolutionGuid = {E9A09554-62FD-4313-B9AD-000AB34909D4}
	EndGlobalSection
EndGlobal
